
Microsoft Visual Studio Solution File, Format Version 12.00
# Visual Studio Version 17
VisualStudioVersion = 17.9.34607.119
MinimumVisualStudioVersion = 10.0.40219.1
Project("{FAE04EC0-301F-11D3-BF4B-00C04F79EFBC}") = "ServicioInyeccionDependenciasV2", "ServicioInyeccionDependenciasV2\ServicioInyeccionDependenciasV2.csproj", "{F4F4424C-D677-4488-807F-424722FF359E}"
EndProject
Global
	GlobalSection(SolutionConfigurationPlatforms) = preSolution
		Debug|Any CPU = Debug|Any CPU
		Release|Any CPU = Release|Any CPU
	EndGlobalSection
	GlobalSection(ProjectConfigurationPlatforms) = postSolution
		{F4F4424C-D677-4488-807F-424722FF359E}.Debug|Any CPU.ActiveCfg = Debug|Any CPU
		{F4F4424C-D677-4488-807F-424722FF359E}.Debug|Any CPU.Build.0 = Debug|Any CPU
		{F4F4424C-D677-4488-807F-424722FF359E}.Release|Any CPU.ActiveCfg = Release|Any CPU
		{F4F4424C-D677-4488-807F-424722FF359E}.Release|Any CPU.Build.0 = Release|Any CPU
	EndGlobalSection
	GlobalSection(SolutionProperties) = preSolution
		HideSolutionNode = FALSE
	EndGlobalSection
	GlobalSection(ExtensibilityGlobals) = postSolution
		SolutionGuid = {93766226-957E-48FE-B38E-0E42D7A1C5CF}
	EndGlobalSection
EndGlobal
